
Microsoft Visual Studio Solution File, Format Version 12.00
# Visual Studio Version 17
VisualStudioVersion = 17.12.35707.178
MinimumVisualStudioVersion = 10.0.40219.1
Project("{FAE04EC0-301F-11D3-BF4B-00C04F79EFBC}") = "PHCM last na to", "PHCM last na to\PHCM last na to.csproj", "{73D361C2-6DED-4057-A939-777B39862C75}"
EndProject
Global
	GlobalSection(SolutionConfigurationPlatforms) = preSolution
		Debug|Any CPU = Debug|Any CPU
		Release|Any CPU = Release|Any CPU
	EndGlobalSection
	GlobalSection(ProjectConfigurationPlatforms) = postSolution
		{73D361C2-6DED-4057-A939-777B39862C75}.Debug|Any CPU.ActiveCfg = Debug|Any CPU
		{73D361C2-6DED-4057-A939-777B39862C75}.Debug|Any CPU.Build.0 = Debug|Any CPU
		{73D361C2-6DED-4057-A939-777B39862C75}.Release|Any CPU.ActiveCfg = Release|Any CPU
		{73D361C2-6DED-4057-A939-777B39862C75}.Release|Any CPU.Build.0 = Release|Any CPU
	EndGlobalSection
	GlobalSection(SolutionProperties) = preSolution
		HideSolutionNode = FALSE
	EndGlobalSection
	GlobalSection(ExtensibilityGlobals) = postSolution
		SolutionGuid = {C2F3E54D-34C2-406E-8C48-F85814A42AF6}
	EndGlobalSection
EndGlobal
